Microsoft Visual Studio Solution File, Format Version 12.00
# Visual Studio 15
VisualStudioVersion = 15.0.27130.2027
MinimumVisualStudioVersion = 10.0.40219.1
Project("{9A19103F-16F7-4668-BE54-9A1E7A4F7556}") = "SharpRaven", "app\SharpRaven\SharpRaven.csproj", "{CC80A2E1-AE39-44DE-8DA3-4EEF42F90FB1}"
EndProject
Project("{9A19103F-16F7-4668-BE54-9A1E7A4F7556}") = "SharpRaven.UnitTests", "tests\SharpRaven.UnitTests\SharpRaven.UnitTests.csproj", "{E1DBEBBF-9448-4D99-B378-2B8CF1629F31}"
EndProject
Project("{2150E333-8FDC-42A3-9474-1A3956D46DE8}") = "app", "app", "{88CB5CD6-ACFA-441E-9FBB-E1E06F181B89}"
EndProject
Project("{2150E333-8FDC-42A3-9474-1A3956D46DE8}") = "tests", "tests", "{D2B3990A-A048-49F3-A697-A1DAEF82CE7F}"
EndProject
Project("{2150E333-8FDC-42A3-9474-1A3956D46DE8}") = "Solution Items", "Solution Items", "{BF6154D1-9BC4-4966-9506-BC33E81F317C}"
	ProjectSection(SolutionItems) = preProject
		..\.gitattributes = ..\.gitattributes
		..\.gitignore = ..\.gitignore
		..\.gitmodules = ..\.gitmodules
		..\.travis.yml = ..\.travis.yml
		..\build.cake = ..\build.cake
		CommonAssemblyInfo.cs = CommonAssemblyInfo.cs
		CommonConfigurations.targets = CommonConfigurations.targets
		..\GitVersionConfig.yaml = ..\GitVersionConfig.yaml
		..\LICENSE = ..\LICENSE
		..\README.md = ..\README.md
		SharpRaven.sln.DotSettings = SharpRaven.sln.DotSettings
	EndProjectSection
EndProject
Project("{9A19103F-16F7-4668-BE54-9A1E7A4F7556}") = "SharpRaven.Nancy", "app\SharpRaven.Nancy\SharpRaven.Nancy.csproj", "{ABE22746-6EEB-4970-A608-C02BC3B8BDA3}"
EndProject
Project("{9A19103F-16F7-4668-BE54-9A1E7A4F7556}") = "SharpRaven.Nancy.UnitTests", "tests\SharpRaven.Nancy.UnitTests\SharpRaven.Nancy.UnitTests.csproj", "{7FE52A2B-430C-4C6F-BEA9-0855AF973D0C}"
EndProject
Project("{2150E333-8FDC-42A3-9474-1A3956D46DE8}") = ".nuget", ".nuget", "{D18000EF-446C-4756-87BD-632E3B71BD45}"
	ProjectSection(SolutionItems) = preProject
		.nuget\packages.config = .nuget\packages.config
	EndProjectSection
EndProject
Project("{2150E333-8FDC-42A3-9474-1A3956D46DE8}") = "docs", "docs", "{F44F1C47-DCF1-472A-A2D1-7F132AA54339}"
	ProjectSection(SolutionItems) = preProject
		..\docs\conf.py = ..\docs\conf.py
		..\docs\index.rst = ..\docs\index.rst
		..\docs\make.bat = ..\docs\make.bat
		..\docs\Makefile = ..\docs\Makefile
		..\docs\sentry-doc-config.json = ..\docs\sentry-doc-config.json
	EndProjectSection
EndProject
Global
	GlobalSection(SolutionConfigurationPlatforms) = preSolution
		Debug|Any CPU = Debug|Any CPU
		Debug-net35|Any CPU = Debug-net35|Any CPU
		Debug-net40|Any CPU = Debug-net40|Any CPU
		Debug-net45|Any CPU = Debug-net45|Any CPU
		Debug-net471|Any CPU = Debug-net471|Any CPU
		Debug-netstandard2.0|Any CPU = Debug-netstandard2.0|Any CPU
		Release|Any CPU = Release|Any CPU
		Release-net35|Any CPU = Release-net35|Any CPU
		Release-net40|Any CPU = Release-net40|Any CPU
		Release-net45|Any CPU = Release-net45|Any CPU
		Release-net471|Any CPU = Release-net471|Any CPU
		Release-netstandard2.0|Any CPU = Release-netstandard2.0|Any CPU
	EndGlobalSection
	GlobalSection(ProjectConfigurationPlatforms) = postSolution
		{CC80A2E1-AE39-44DE-8DA3-4EEF42F90FB1}.Debug|Any CPU.ActiveCfg = Debug|Any CPU
		{CC80A2E1-AE39-44DE-8DA3-4EEF42F90FB1}.Debug|Any CPU.Build.0 = Debug|Any CPU
		{CC80A2E1-AE39-44DE-8DA3-4EEF42F90FB1}.Debug-net35|Any CPU.ActiveCfg = Debug-net35|Any CPU
		{CC80A2E1-AE39-44DE-8DA3-4EEF42F90FB1}.Debug-net35|Any CPU.Build.0 = Debug-net35|Any CPU
		{CC80A2E1-AE39-44DE-8DA3-4EEF42F90FB1}.Debug-net40|Any CPU.ActiveCfg = Debug-net40|Any CPU
		{CC80A2E1-AE39-44DE-8DA3-4EEF42F90FB1}.Debug-net40|Any CPU.Build.0 = Debug-net40|Any CPU
		{CC80A2E1-AE39-44DE-8DA3-4EEF42F90FB1}.Debug-net45|Any CPU.ActiveCfg = Debug-net45|Any CPU
		{CC80A2E1-AE39-44DE-8DA3-4EEF42F90FB1}.Debug-net45|Any CPU.Build.0 = Debug-net45|Any CPU
		{CC80A2E1-AE39-44DE-8DA3-4EEF42F90FB1}.Debug-net471|Any CPU.ActiveCfg = Debug-net45|Any CPU
		{CC80A2E1-AE39-44DE-8DA3-4EEF42F90FB1}.Debug-net471|Any CPU.Build.0 = Debug-net45|Any CPU
		{CC80A2E1-AE39-44DE-8DA3-4EEF42F90FB1}.Debug-netstandard2.0|Any CPU.ActiveCfg = Debug-netstandard2.0|Any CPU
		{CC80A2E1-AE39-44DE-8DA3-4EEF42F90FB1}.Debug-netstandard2.0|Any CPU.Build.0 = Debug-netstandard2.0|Any CPU
		{CC80A2E1-AE39-44DE-8DA3-4EEF42F90FB1}.Release|Any CPU.ActiveCfg = Release|Any CPU
		{CC80A2E1-AE39-44DE-8DA3-4EEF42F90FB1}.Release|Any CPU.Build.0 = Release|Any CPU
		{CC80A2E1-AE39-44DE-8DA3-4EEF42F90FB1}.Release-net35|Any CPU.ActiveCfg = Release-net35|Any CPU
		{CC80A2E1-AE39-44DE-8DA3-4EEF42F90FB1}.Release-net35|Any CPU.Build.0 = Release-net35|Any CPU
		{CC80A2E1-AE39-44DE-8DA3-4EEF42F90FB1}.Release-net40|Any CPU.ActiveCfg = Release-net40|Any CPU
		{CC80A2E1-AE39-44DE-8DA3-4EEF42F90FB1}.Release-net40|Any CPU.Build.0 = Release-net40|Any CPU
		{CC80A2E1-AE39-44DE-8DA3-4EEF42F90FB1}.Release-net45|Any CPU.ActiveCfg = Release-net45|Any CPU
		{CC80A2E1-AE39-44DE-8DA3-4EEF42F90FB1}.Release-net45|Any CPU.Build.0 = Release-net45|Any CPU
		{CC80A2E1-AE39-44DE-8DA3-4EEF42F90FB1}.Release-net471|Any CPU.ActiveCfg = Release-net45|Any CPU
		{CC80A2E1-AE39-44DE-8DA3-4EEF42F90FB1}.Release-net471|Any CPU.Build.0 = Release-net45|Any CPU
		{CC80A2E1-AE39-44DE-8DA3-4EEF42F90FB1}.Release-netstandard2.0|Any CPU.ActiveCfg = Release-netstandard2.0|Any CPU
		{CC80A2E1-AE39-44DE-8DA3-4EEF42F90FB1}.Release-netstandard2.0|Any CPU.Build.0 = Release-netstandard2.0|Any CPU
		{E1DBEBBF-9448-4D99-B378-2B8CF1629F31}.Debug|Any CPU.ActiveCfg = Debug|Any CPU
		{E1DBEBBF-9448-4D99-B378-2B8CF1629F31}.Debug|Any CPU.Build.0 = Debug|Any CPU
		{E1DBEBBF-9448-4D99-B378-2B8CF1629F31}.Debug-net35|Any CPU.ActiveCfg = Debug-net35|Any CPU
		{E1DBEBBF-9448-4D99-B378-2B8CF1629F31}.Debug-net35|Any CPU.Build.0 = Debug-net35|Any CPU
		{E1DBEBBF-9448-4D99-B378-2B8CF1629F31}.Debug-net40|Any CPU.ActiveCfg = Debug-net40|Any CPU
		{E1DBEBBF-9448-4D99-B378-2B8CF1629F31}.Debug-net40|Any CPU.Build.0 = Debug-net40|Any CPU
		{E1DBEBBF-9448-4D99-B378-2B8CF1629F31}.Debug-net45|Any CPU.ActiveCfg = Debug-net45|Any CPU
		{E1DBEBBF-9448-4D99-B378-2B8CF1629F31}.Debug-net45|Any CPU.Build.0 = Debug-net45|Any CPU
		{E1DBEBBF-9448-4D99-B378-2B8CF1629F31}.Debug-net471|Any CPU.ActiveCfg = Debug-net45|Any CPU
		{E1DBEBBF-9448-4D99-B378-2B8CF1629F31}.Debug-net471|Any CPU.Build.0 = Debug-net45|Any CPU
		{E1DBEBBF-9448-4D99-B378-2B8CF1629F31}.Debug-netstandard2.0|Any CPU.ActiveCfg = Debug-netstandard2.0|Any CPU
		{E1DBEBBF-9448-4D99-B378-2B8CF1629F31}.Release|Any CPU.ActiveCfg = Release|Any CPU
		{E1DBEBBF-9448-4D99-B378-2B8CF1629F31}.Release|Any CPU.Build.0 = Release|Any CPU
		{E1DBEBBF-9448-4D99-B378-2B8CF1629F31}.Release-net35|Any CPU.ActiveCfg = Release-net35|Any CPU
		{E1DBEBBF-9448-4D99-B378-2B8CF1629F31}.Release-net35|Any CPU.Build.0 = Release-net35|Any CPU
		{E1DBEBBF-9448-4D99-B378-2B8CF1629F31}.Release-net40|Any CPU.ActiveCfg = Release-net40|Any CPU
		{E1DBEBBF-9448-4D99-B378-2B8CF1629F31}.Release-net40|Any CPU.Build.0 = Release-net40|Any CPU
		{E1DBEBBF-9448-4D99-B378-2B8CF1629F31}.Release-net45|Any CPU.ActiveCfg = Release-net45|Any CPU
		{E1DBEBBF-9448-4D99-B378-2B8CF1629F31}.Release-net45|Any CPU.Build.0 = Release-net45|Any CPU
		{E1DBEBBF-9448-4D99-B378-2B8CF1629F31}.Release-net471|Any CPU.ActiveCfg = Release-net45|Any CPU
		{E1DBEBBF-9448-4D99-B378-2B8CF1629F31}.Release-net471|Any CPU.Build.0 = Release-net45|Any CPU
		{E1DBEBBF-9448-4D99-B378-2B8CF1629F31}.Release-netstandard2.0|Any CPU.ActiveCfg = Release-netstandard2.0|Any CPU
		{ABE22746-6EEB-4970-A608-C02BC3B8BDA3}.Debug|Any CPU.ActiveCfg = Debug|Any CPU
		{ABE22746-6EEB-4970-A608-C02BC3B8BDA3}.Debug|Any CPU.Build.0 = Debug|Any CPU
		{ABE22746-6EEB-4970-A608-C02BC3B8BDA3}.Debug-net35|Any CPU.ActiveCfg = Debug-net35|Any CPU
		{ABE22746-6EEB-4970-A608-C02BC3B8BDA3}.Debug-net40|Any CPU.ActiveCfg = Debug-net40|Any CPU
		{ABE22746-6EEB-4970-A608-C02BC3B8BDA3}.Debug-net40|Any CPU.Build.0 = Debug-net40|Any CPU
		{ABE22746-6EEB-4970-A608-C02BC3B8BDA3}.Debug-net45|Any CPU.ActiveCfg = Debug-net45|Any CPU
		{ABE22746-6EEB-4970-A608-C02BC3B8BDA3}.Debug-net45|Any CPU.Build.0 = Debug-net45|Any CPU
		{ABE22746-6EEB-4970-A608-C02BC3B8BDA3}.Debug-net471|Any CPU.ActiveCfg = Debug-net45|Any CPU
		{ABE22746-6EEB-4970-A608-C02BC3B8BDA3}.Debug-net471|Any CPU.Build.0 = Debug-net45|Any CPU
		{ABE22746-6EEB-4970-A608-C02BC3B8BDA3}.Debug-netstandard2.0|Any CPU.ActiveCfg = Debug-netstandard2.0|Any CPU
		{ABE22746-6EEB-4970-A608-C02BC3B8BDA3}.Release|Any CPU.ActiveCfg = Release|Any CPU
		{ABE22746-6EEB-4970-A608-C02BC3B8BDA3}.Release|Any CPU.Build.0 = Release|Any CPU
		{ABE22746-6EEB-4970-A608-C02BC3B8BDA3}.Release-net35|Any CPU.ActiveCfg = Release-net35|Any CPU
		{ABE22746-6EEB-4970-A608-C02BC3B8BDA3}.Release-net40|Any CPU.ActiveCfg = Release-net40|Any CPU
		{ABE22746-6EEB-4970-A608-C02BC3B8BDA3}.Release-net40|Any CPU.Build.0 = Release-net40|Any CPU
		{ABE22746-6EEB-4970-A608-C02BC3B8BDA3}.Release-net45|Any CPU.ActiveCfg = Release-net45|Any CPU
		{ABE22746-6EEB-4970-A608-C02BC3B8BDA3}.Release-net45|Any CPU.Build.0 = Release-net45|Any CPU
		{ABE22746-6EEB-4970-A608-C02BC3B8BDA3}.Release-net471|Any CPU.ActiveCfg = Release-net45|Any CPU
		{ABE22746-6EEB-4970-A608-C02BC3B8BDA3}.Release-net471|Any CPU.Build.0 = Release-net45|Any CPU
		{ABE22746-6EEB-4970-A608-C02BC3B8BDA3}.Release-netstandard2.0|Any CPU.ActiveCfg = Release-netstandard2.0|Any CPU
		{7FE52A2B-430C-4C6F-BEA9-0855AF973D0C}.Debug|Any CPU.ActiveCfg = Debug|Any CPU
		{7FE52A2B-430C-4C6F-BEA9-0855AF973D0C}.Debug|Any CPU.Build.0 = Debug|Any CPU
		{7FE52A2B-430C-4C6F-BEA9-0855AF973D0C}.Debug-net35|Any CPU.ActiveCfg = Debug-net35|Any CPU
		{7FE52A2B-430C-4C6F-BEA9-0855AF973D0C}.Debug-net40|Any CPU.ActiveCfg = Debug-net40|Any CPU
		{7FE52A2B-430C-4C6F-BEA9-0855AF973D0C}.Debug-net40|Any CPU.Build.0 = Debug-net40|Any CPU
		{7FE52A2B-430C-4C6F-BEA9-0855AF973D0C}.Debug-net45|Any CPU.ActiveCfg = Debug-net45|Any CPU
		{7FE52A2B-430C-4C6F-BEA9-0855AF973D0C}.Debug-net45|Any CPU.Build.0 = Debug-net45|Any CPU
		{7FE52A2B-430C-4C6F-BEA9-0855AF973D0C}.Debug-net471|Any CPU.ActiveCfg = Debug-net45|Any CPU
		{7FE52A2B-430C-4C6F-BEA9-0855AF973D0C}.Debug-net471|Any CPU.Build.0 = Debug-net45|Any CPU
		{7FE52A2B-430C-4C6F-BEA9-0855AF973D0C}.Debug-netstandard2.0|Any CPU.ActiveCfg = Debug-netstandard2.0|Any CPU
		{7FE52A2B-430C-4C6F-BEA9-0855AF973D0C}.Release|Any CPU.ActiveCfg = Release|Any CPU
		{7FE52A2B-430C-4C6F-BEA9-0855AF973D0C}.Release|Any CPU.Build.0 = Release|Any CPU
		{7FE52A2B-430C-4C6F-BEA9-0855AF973D0C}.Release-net35|Any CPU.ActiveCfg = Release-net35|Any CPU
		{7FE52A2B-430C-4C6F-BEA9-0855AF973D0C}.Release-net40|Any CPU.ActiveCfg = Release-net40|Any CPU
		{7FE52A2B-430C-4C6F-BEA9-0855AF973D0C}.Release-net40|Any CPU.Build.0 = Release-net40|Any CPU
		{7FE52A2B-430C-4C6F-BEA9-0855AF973D0C}.Release-net45|Any CPU.ActiveCfg = Release-net45|Any CPU
		{7FE52A2B-430C-4C6F-BEA9-0855AF973D0C}.Release-net45|Any CPU.Build.0 = Release-net45|Any CPU
		{7FE52A2B-430C-4C6F-BEA9-0855AF973D0C}.Release-net471|Any CPU.ActiveCfg = Release-net45|Any CPU
		{7FE52A2B-430C-4C6F-BEA9-0855AF973D0C}.Release-net471|Any CPU.Build.0 = Release-net45|Any CPU
		{7FE52A2B-430C-4C6F-BEA9-0855AF973D0C}.Release-netstandard2.0|Any CPU.ActiveCfg = Release-netstandard2.0|Any CPU
	EndGlobalSection
	GlobalSection(SolutionProperties) = preSolution
		HideSolutionNode = FALSE
	EndGlobalSection
	GlobalSection(NestedProjects) = preSolution
		{CC80A2E1-AE39-44DE-8DA3-4EEF42F90FB1} = {88CB5CD6-ACFA-441E-9FBB-E1E06F181B89}
		{E1DBEBBF-9448-4D99-B378-2B8CF1629F31} = {D2B3990A-A048-49F3-A697-A1DAEF82CE7F}
		{ABE22746-6EEB-4970-A608-C02BC3B8BDA3} = {88CB5CD6-ACFA-441E-9FBB-E1E06F181B89}
		{7FE52A2B-430C-4C6F-BEA9-0855AF973D0C} = {D2B3990A-A048-49F3-A697-A1DAEF82CE7F}
		{F44F1C47-DCF1-472A-A2D1-7F132AA54339} = {BF6154D1-9BC4-4966-9506-BC33E81F317C}
	EndGlobalSection
	GlobalSection(ExtensibilityGlobals) = postSolution
		SolutionGuid = {F6F9418F-8C35-4ADB-B667-AB78EE9AFD04}
	EndGlobalSection
EndGlobal
