Microsoft Visual Studio Solution File, Format Version 12.00
# Visual Studio 2013
VisualStudioVersion = 12.0.31101.0
MinimumVisualStudioVersion = 10.0.40219.1
Project("{FAE04EC0-301F-11D3-BF4B-00C04F79EFBC}") = "SharpRaven", "app\SharpRaven\SharpRaven.csproj", "{CC80A2E1-AE39-44DE-8DA3-4EEF42F90FB1}"
EndProject
Project("{FAE04EC0-301F-11D3-BF4B-00C04F79EFBC}") = "SharpRaven.UnitTests", "tests\SharpRaven.UnitTests\SharpRaven.UnitTests.csproj", "{E1DBEBBF-9448-4D99-B378-2B8CF1629F31}"
EndProject
Project("{FAE04EC0-301F-11D3-BF4B-00C04F79EFBC}") = "SharpRaven.WebTest", "tests\SharpRaven.WebTest\SharpRaven.WebTest.csproj", "{156621FC-2C48-4CDF-A368-9347BABE9089}"
EndProject
Project("{2150E333-8FDC-42A3-9474-1A3956D46DE8}") = ".nuget", ".nuget", "{8A88BBCD-89AC-4593-9B91-A93B9F305ED3}"
	ProjectSection(SolutionItems) = preProject
		..\.nuget\NuGet.Config = ..\.nuget\NuGet.Config
		..\.nuget\NuGet.exe = ..\.nuget\NuGet.exe
		..\.nuget\NuGet.targets = ..\.nuget\NuGet.targets
	EndProjectSection
EndProject
Project("{2150E333-8FDC-42A3-9474-1A3956D46DE8}") = "app", "app", "{88CB5CD6-ACFA-441E-9FBB-E1E06F181B89}"
EndProject
Project("{2150E333-8FDC-42A3-9474-1A3956D46DE8}") = "tests", "tests", "{D2B3990A-A048-49F3-A697-A1DAEF82CE7F}"
EndProject
Project("{2150E333-8FDC-42A3-9474-1A3956D46DE8}") = "Solution Items", "Solution Items", "{BF6154D1-9BC4-4966-9506-BC33E81F317C}"
	ProjectSection(SolutionItems) = preProject
		Build.cmd = Build.cmd
		..\LICENSE = ..\LICENSE
		..\Makefile = ..\Makefile
		..\README.md = ..\README.md
		SharpRaven.build = SharpRaven.build
	EndProjectSection
EndProject
Project("{FAE04EC0-301F-11D3-BF4B-00C04F79EFBC}") = "SharpRaven.Nancy", "app\SharpRaven.Nancy\SharpRaven.Nancy.csproj", "{ABE22746-6EEB-4970-A608-C02BC3B8BDA3}"
EndProject
Project("{FAE04EC0-301F-11D3-BF4B-00C04F79EFBC}") = "SharpRaven.Nancy.WebTest", "tests\SharpRaven.Nancy.WebTest\SharpRaven.Nancy.WebTest.csproj", "{7FE52A2B-430C-4C6F-BEA9-0855AF973D0C}"
EndProject
Global
	GlobalSection(SolutionConfigurationPlatforms) = preSolution
		Debug 4.0|Any CPU = Debug 4.0|Any CPU
		Debug 4.0|Mixed Platforms = Debug 4.0|Mixed Platforms
		Debug 4.0|x86 = Debug 4.0|x86
		Debug 4.5|Any CPU = Debug 4.5|Any CPU
		Debug 4.5|Mixed Platforms = Debug 4.5|Mixed Platforms
		Debug 4.5|x86 = Debug 4.5|x86
		Release 4.0|Any CPU = Release 4.0|Any CPU
		Release 4.0|Mixed Platforms = Release 4.0|Mixed Platforms
		Release 4.0|x86 = Release 4.0|x86
		Release 4.5|Any CPU = Release 4.5|Any CPU
		Release 4.5|Mixed Platforms = Release 4.5|Mixed Platforms
		Release 4.5|x86 = Release 4.5|x86
	EndGlobalSection
	GlobalSection(ProjectConfigurationPlatforms) = postSolution
		{CC80A2E1-AE39-44DE-8DA3-4EEF42F90FB1}.Debug 4.0|Any CPU.ActiveCfg = Debug 4.0|Any CPU
		{CC80A2E1-AE39-44DE-8DA3-4EEF42F90FB1}.Debug 4.0|Any CPU.Build.0 = Debug 4.0|Any CPU
		{CC80A2E1-AE39-44DE-8DA3-4EEF42F90FB1}.Debug 4.0|Mixed Platforms.ActiveCfg = Debug 4.0|Any CPU
		{CC80A2E1-AE39-44DE-8DA3-4EEF42F90FB1}.Debug 4.0|Mixed Platforms.Build.0 = Debug 4.0|Any CPU
		{CC80A2E1-AE39-44DE-8DA3-4EEF42F90FB1}.Debug 4.0|x86.ActiveCfg = Debug 4.0|Any CPU
		{CC80A2E1-AE39-44DE-8DA3-4EEF42F90FB1}.Debug 4.5|Any CPU.ActiveCfg = Debug 4.5|Any CPU
		{CC80A2E1-AE39-44DE-8DA3-4EEF42F90FB1}.Debug 4.5|Any CPU.Build.0 = Debug 4.5|Any CPU
		{CC80A2E1-AE39-44DE-8DA3-4EEF42F90FB1}.Debug 4.5|Mixed Platforms.ActiveCfg = Debug 4.5|Any CPU
		{CC80A2E1-AE39-44DE-8DA3-4EEF42F90FB1}.Debug 4.5|Mixed Platforms.Build.0 = Debug 4.5|Any CPU
		{CC80A2E1-AE39-44DE-8DA3-4EEF42F90FB1}.Debug 4.5|x86.ActiveCfg = Debug 4.5|Any CPU
		{CC80A2E1-AE39-44DE-8DA3-4EEF42F90FB1}.Release 4.0|Any CPU.ActiveCfg = Release 4.0|Any CPU
		{CC80A2E1-AE39-44DE-8DA3-4EEF42F90FB1}.Release 4.0|Any CPU.Build.0 = Release 4.0|Any CPU
		{CC80A2E1-AE39-44DE-8DA3-4EEF42F90FB1}.Release 4.0|Mixed Platforms.ActiveCfg = Release 4.0|Any CPU
		{CC80A2E1-AE39-44DE-8DA3-4EEF42F90FB1}.Release 4.0|Mixed Platforms.Build.0 = Release 4.0|Any CPU
		{CC80A2E1-AE39-44DE-8DA3-4EEF42F90FB1}.Release 4.0|x86.ActiveCfg = Release 4.0|Any CPU
		{CC80A2E1-AE39-44DE-8DA3-4EEF42F90FB1}.Release 4.5|Any CPU.ActiveCfg = Release 4.5|Any CPU
		{CC80A2E1-AE39-44DE-8DA3-4EEF42F90FB1}.Release 4.5|Any CPU.Build.0 = Release 4.5|Any CPU
		{CC80A2E1-AE39-44DE-8DA3-4EEF42F90FB1}.Release 4.5|Mixed Platforms.ActiveCfg = Release 4.5|Any CPU
		{CC80A2E1-AE39-44DE-8DA3-4EEF42F90FB1}.Release 4.5|Mixed Platforms.Build.0 = Release 4.5|Any CPU
		{CC80A2E1-AE39-44DE-8DA3-4EEF42F90FB1}.Release 4.5|x86.ActiveCfg = Release 4.5|Any CPU
		{E1DBEBBF-9448-4D99-B378-2B8CF1629F31}.Debug 4.0|Any CPU.ActiveCfg = Debug 4.0|Any CPU
		{E1DBEBBF-9448-4D99-B378-2B8CF1629F31}.Debug 4.0|Any CPU.Build.0 = Debug 4.0|Any CPU
		{E1DBEBBF-9448-4D99-B378-2B8CF1629F31}.Debug 4.0|Mixed Platforms.ActiveCfg = Debug 4.0|Any CPU
		{E1DBEBBF-9448-4D99-B378-2B8CF1629F31}.Debug 4.0|Mixed Platforms.Build.0 = Debug 4.0|Any CPU
		{E1DBEBBF-9448-4D99-B378-2B8CF1629F31}.Debug 4.0|x86.ActiveCfg = Debug 4.0|Any CPU
		{E1DBEBBF-9448-4D99-B378-2B8CF1629F31}.Debug 4.5|Any CPU.ActiveCfg = Debug 4.5|Any CPU
		{E1DBEBBF-9448-4D99-B378-2B8CF1629F31}.Debug 4.5|Any CPU.Build.0 = Debug 4.5|Any CPU
		{E1DBEBBF-9448-4D99-B378-2B8CF1629F31}.Debug 4.5|Mixed Platforms.ActiveCfg = Debug 4.5|Any CPU
		{E1DBEBBF-9448-4D99-B378-2B8CF1629F31}.Debug 4.5|Mixed Platforms.Build.0 = Debug 4.5|Any CPU
		{E1DBEBBF-9448-4D99-B378-2B8CF1629F31}.Debug 4.5|x86.ActiveCfg = Debug 4.5|Any CPU
		{E1DBEBBF-9448-4D99-B378-2B8CF1629F31}.Release 4.0|Any CPU.ActiveCfg = Release 4.0|Any CPU
		{E1DBEBBF-9448-4D99-B378-2B8CF1629F31}.Release 4.0|Any CPU.Build.0 = Release 4.0|Any CPU
		{E1DBEBBF-9448-4D99-B378-2B8CF1629F31}.Release 4.0|Mixed Platforms.ActiveCfg = Release 4.0|Any CPU
		{E1DBEBBF-9448-4D99-B378-2B8CF1629F31}.Release 4.0|Mixed Platforms.Build.0 = Release 4.0|Any CPU
		{E1DBEBBF-9448-4D99-B378-2B8CF1629F31}.Release 4.0|x86.ActiveCfg = Release 4.0|Any CPU
		{E1DBEBBF-9448-4D99-B378-2B8CF1629F31}.Release 4.5|Any CPU.ActiveCfg = Release 4.5|Any CPU
		{E1DBEBBF-9448-4D99-B378-2B8CF1629F31}.Release 4.5|Any CPU.Build.0 = Release 4.5|Any CPU
		{E1DBEBBF-9448-4D99-B378-2B8CF1629F31}.Release 4.5|Mixed Platforms.ActiveCfg = Release 4.5|Any CPU
		{E1DBEBBF-9448-4D99-B378-2B8CF1629F31}.Release 4.5|Mixed Platforms.Build.0 = Release 4.5|Any CPU
		{E1DBEBBF-9448-4D99-B378-2B8CF1629F31}.Release 4.5|x86.ActiveCfg = Release 4.5|Any CPU
		{156621FC-2C48-4CDF-A368-9347BABE9089}.Debug 4.0|Any CPU.ActiveCfg = Debug 4.0|Any CPU
		{156621FC-2C48-4CDF-A368-9347BABE9089}.Debug 4.0|Any CPU.Build.0 = Debug 4.0|Any CPU
		{156621FC-2C48-4CDF-A368-9347BABE9089}.Debug 4.0|Mixed Platforms.ActiveCfg = Debug 4.0|Any CPU
		{156621FC-2C48-4CDF-A368-9347BABE9089}.Debug 4.0|Mixed Platforms.Build.0 = Debug 4.0|Any CPU
		{156621FC-2C48-4CDF-A368-9347BABE9089}.Debug 4.0|x86.ActiveCfg = Debug 4.0|Any CPU
		{156621FC-2C48-4CDF-A368-9347BABE9089}.Debug 4.5|Any CPU.ActiveCfg = Debug 4.5|Any CPU
		{156621FC-2C48-4CDF-A368-9347BABE9089}.Debug 4.5|Any CPU.Build.0 = Debug 4.5|Any CPU
		{156621FC-2C48-4CDF-A368-9347BABE9089}.Debug 4.5|Mixed Platforms.ActiveCfg = Debug 4.5|Any CPU
		{156621FC-2C48-4CDF-A368-9347BABE9089}.Debug 4.5|Mixed Platforms.Build.0 = Debug 4.5|Any CPU
		{156621FC-2C48-4CDF-A368-9347BABE9089}.Debug 4.5|x86.ActiveCfg = Debug 4.5|Any CPU
		{156621FC-2C48-4CDF-A368-9347BABE9089}.Release 4.0|Any CPU.ActiveCfg = Release 4.0|Any CPU
		{156621FC-2C48-4CDF-A368-9347BABE9089}.Release 4.0|Any CPU.Build.0 = Release 4.0|Any CPU
		{156621FC-2C48-4CDF-A368-9347BABE9089}.Release 4.0|Mixed Platforms.ActiveCfg = Release 4.0|Any CPU
		{156621FC-2C48-4CDF-A368-9347BABE9089}.Release 4.0|Mixed Platforms.Build.0 = Release 4.0|Any CPU
		{156621FC-2C48-4CDF-A368-9347BABE9089}.Release 4.0|x86.ActiveCfg = Release 4.0|Any CPU
		{156621FC-2C48-4CDF-A368-9347BABE9089}.Release 4.5|Any CPU.ActiveCfg = Release 4.5|Any CPU
		{156621FC-2C48-4CDF-A368-9347BABE9089}.Release 4.5|Any CPU.Build.0 = Release 4.5|Any CPU
		{156621FC-2C48-4CDF-A368-9347BABE9089}.Release 4.5|Mixed Platforms.ActiveCfg = Release 4.5|Any CPU
		{156621FC-2C48-4CDF-A368-9347BABE9089}.Release 4.5|Mixed Platforms.Build.0 = Release 4.5|Any CPU
		{156621FC-2C48-4CDF-A368-9347BABE9089}.Release 4.5|x86.ActiveCfg = Release 4.5|Any CPU
		{ABE22746-6EEB-4970-A608-C02BC3B8BDA3}.Debug 4.0|Any CPU.ActiveCfg = Debug 4.0|Any CPU
		{ABE22746-6EEB-4970-A608-C02BC3B8BDA3}.Debug 4.0|Any CPU.Build.0 = Debug 4.0|Any CPU
		{ABE22746-6EEB-4970-A608-C02BC3B8BDA3}.Debug 4.0|Mixed Platforms.ActiveCfg = Debug 4.0|Any CPU
		{ABE22746-6EEB-4970-A608-C02BC3B8BDA3}.Debug 4.0|Mixed Platforms.Build.0 = Debug 4.0|Any CPU
		{ABE22746-6EEB-4970-A608-C02BC3B8BDA3}.Debug 4.0|x86.ActiveCfg = Debug 4.0|Any CPU
		{ABE22746-6EEB-4970-A608-C02BC3B8BDA3}.Debug 4.5|Any CPU.ActiveCfg = Debug 4.5|Any CPU
		{ABE22746-6EEB-4970-A608-C02BC3B8BDA3}.Debug 4.5|Any CPU.Build.0 = Debug 4.5|Any CPU
		{ABE22746-6EEB-4970-A608-C02BC3B8BDA3}.Debug 4.5|Mixed Platforms.ActiveCfg = Debug 4.5|Any CPU
		{ABE22746-6EEB-4970-A608-C02BC3B8BDA3}.Debug 4.5|Mixed Platforms.Build.0 = Debug 4.5|Any CPU
		{ABE22746-6EEB-4970-A608-C02BC3B8BDA3}.Debug 4.5|x86.ActiveCfg = Debug 4.5|Any CPU
		{ABE22746-6EEB-4970-A608-C02BC3B8BDA3}.Release 4.0|Any CPU.ActiveCfg = Release 4.0|Any CPU
		{ABE22746-6EEB-4970-A608-C02BC3B8BDA3}.Release 4.0|Any CPU.Build.0 = Release 4.0|Any CPU
		{ABE22746-6EEB-4970-A608-C02BC3B8BDA3}.Release 4.0|Mixed Platforms.ActiveCfg = Release 4.0|Any CPU
		{ABE22746-6EEB-4970-A608-C02BC3B8BDA3}.Release 4.0|Mixed Platforms.Build.0 = Release 4.0|Any CPU
		{ABE22746-6EEB-4970-A608-C02BC3B8BDA3}.Release 4.0|x86.ActiveCfg = Release 4.0|Any CPU
		{ABE22746-6EEB-4970-A608-C02BC3B8BDA3}.Release 4.5|Any CPU.ActiveCfg = Release 4.5|Any CPU
		{ABE22746-6EEB-4970-A608-C02BC3B8BDA3}.Release 4.5|Any CPU.Build.0 = Release 4.5|Any CPU
		{ABE22746-6EEB-4970-A608-C02BC3B8BDA3}.Release 4.5|Mixed Platforms.ActiveCfg = Release 4.5|Any CPU
		{ABE22746-6EEB-4970-A608-C02BC3B8BDA3}.Release 4.5|Mixed Platforms.Build.0 = Release 4.5|Any CPU
		{ABE22746-6EEB-4970-A608-C02BC3B8BDA3}.Release 4.5|x86.ActiveCfg = Release 4.5|Any CPU
		{7FE52A2B-430C-4C6F-BEA9-0855AF973D0C}.Debug 4.0|Any CPU.ActiveCfg = Debug 4.0|Any CPU
		{7FE52A2B-430C-4C6F-BEA9-0855AF973D0C}.Debug 4.0|Any CPU.Build.0 = Debug 4.0|Any CPU
		{7FE52A2B-430C-4C6F-BEA9-0855AF973D0C}.Debug 4.0|Mixed Platforms.ActiveCfg = Debug 4.0|Any CPU
		{7FE52A2B-430C-4C6F-BEA9-0855AF973D0C}.Debug 4.0|Mixed Platforms.Build.0 = Debug 4.0|Any CPU
		{7FE52A2B-430C-4C6F-BEA9-0855AF973D0C}.Debug 4.0|x86.ActiveCfg = Debug 4.0|Any CPU
		{7FE52A2B-430C-4C6F-BEA9-0855AF973D0C}.Debug 4.5|Any CPU.ActiveCfg = Debug 4.5|Any CPU
		{7FE52A2B-430C-4C6F-BEA9-0855AF973D0C}.Debug 4.5|Any CPU.Build.0 = Debug 4.5|Any CPU
		{7FE52A2B-430C-4C6F-BEA9-0855AF973D0C}.Debug 4.5|Mixed Platforms.ActiveCfg = Debug 4.5|Any CPU
		{7FE52A2B-430C-4C6F-BEA9-0855AF973D0C}.Debug 4.5|Mixed Platforms.Build.0 = Debug 4.5|Any CPU
		{7FE52A2B-430C-4C6F-BEA9-0855AF973D0C}.Debug 4.5|x86.ActiveCfg = Debug 4.5|Any CPU
		{7FE52A2B-430C-4C6F-BEA9-0855AF973D0C}.Release 4.0|Any CPU.ActiveCfg = Release 4.0|Any CPU
		{7FE52A2B-430C-4C6F-BEA9-0855AF973D0C}.Release 4.0|Any CPU.Build.0 = Release 4.0|Any CPU
		{7FE52A2B-430C-4C6F-BEA9-0855AF973D0C}.Release 4.0|Mixed Platforms.ActiveCfg = Release 4.0|Any CPU
		{7FE52A2B-430C-4C6F-BEA9-0855AF973D0C}.Release 4.0|Mixed Platforms.Build.0 = Release 4.0|Any CPU
		{7FE52A2B-430C-4C6F-BEA9-0855AF973D0C}.Release 4.0|x86.ActiveCfg = Release 4.0|Any CPU
		{7FE52A2B-430C-4C6F-BEA9-0855AF973D0C}.Release 4.5|Any CPU.ActiveCfg = Release 4.5|Any CPU
		{7FE52A2B-430C-4C6F-BEA9-0855AF973D0C}.Release 4.5|Any CPU.Build.0 = Release 4.5|Any CPU
		{7FE52A2B-430C-4C6F-BEA9-0855AF973D0C}.Release 4.5|Mixed Platforms.ActiveCfg = Release 4.5|Any CPU
		{7FE52A2B-430C-4C6F-BEA9-0855AF973D0C}.Release 4.5|Mixed Platforms.Build.0 = Release 4.5|Any CPU
		{7FE52A2B-430C-4C6F-BEA9-0855AF973D0C}.Release 4.5|x86.ActiveCfg = Release 4.5|Any CPU
	EndGlobalSection
	GlobalSection(SolutionProperties) = preSolution
		HideSolutionNode = FALSE
	EndGlobalSection
	GlobalSection(NestedProjects) = preSolution
		{CC80A2E1-AE39-44DE-8DA3-4EEF42F90FB1} = {88CB5CD6-ACFA-441E-9FBB-E1E06F181B89}
		{E1DBEBBF-9448-4D99-B378-2B8CF1629F31} = {D2B3990A-A048-49F3-A697-A1DAEF82CE7F}
		{156621FC-2C48-4CDF-A368-9347BABE9089} = {D2B3990A-A048-49F3-A697-A1DAEF82CE7F}
		{ABE22746-6EEB-4970-A608-C02BC3B8BDA3} = {88CB5CD6-ACFA-441E-9FBB-E1E06F181B89}
		{7FE52A2B-430C-4C6F-BEA9-0855AF973D0C} = {D2B3990A-A048-49F3-A697-A1DAEF82CE7F}
	EndGlobalSection
EndGlobal
